<Solution>
  <Folder Name="/src/" />
  <Folder Name="/src/API/" />
  <Folder Name="/src/Application/" />
  <Folder Name="/src/Core/">
    <Project Path="HRLeaveManagementApplication/HR.LeaveManagement.Application.csproj" />
    <Project Path="HRLeaveManagementDomain/HR.LeaveManagement.Domain.csproj" />
  </Folder>
  <Folder Name="/src/Infrastructure/" />
  <Folder Name="/src/UI/" />
  <Folder Name="/test/" />
</Solution>
