<Solution>
  <Folder Name="/src/" />
  <Folder Name="/src/API/" />
  <Folder Name="/src/Application/" />
  <Folder Name="/src/Core/">
    <Project Path="HRLeaveManagementApplication/HR.LeaveManagement.Application.csproj" />
    <Project Path="HRLeaveManagementDomain/HR.LeaveManagement.Domain.csproj" />
  </Folder>
  <Folder Name="/src/Infrastructure/">
    <Project Path="HR.LeaveManagement.Infrastructure/HR.LeaveManagement.Infrastructure.csproj" Id="ca1daa36-97d6-4c40-a468-83f63e300389" />
    <Project Path="HR.LeaveManagement.Persistence/HR.LeaveManagement.Persistence.csproj" Id="5cf79956-134b-464b-adc8-17c1892fe888" />
  </Folder>
  <Folder Name="/src/UI/" />
  <Folder Name="/test/" />
</Solution>
