<Solution>
  <Folder Name="/src/" />
  <Folder Name="/src/API/">
    <Project Path="HR.LeaveManagement.Api/HR.LeaveManagement.Api.csproj" Id="11064c95-9f02-4a54-b20a-54dd51bcbd6e" />
  </Folder>
  <Folder Name="/src/Core/">
    <Project Path="HRLeaveManagementApplication/HR.LeaveManagement.Application.csproj" />
    <Project Path="HRLeaveManagementDomain/HR.LeaveManagement.Domain.csproj" />
  </Folder>
  <Folder Name="/src/Infrastructure/">
    <Project Path="HR.LeaveManagement.Identity/HR.LeaveManagement.Identity.csproj" Id="c025a497-b375-4b5b-a54b-7959944f45fc" />
    <Project Path="HR.LeaveManagement.Infrastructure/HR.LeaveManagement.Infrastructure.csproj" Id="ca1daa36-97d6-4c40-a468-83f63e300389" />
    <Project Path="HR.LeaveManagement.Persistence/HR.LeaveManagement.Persistence.csproj" Id="5cf79956-134b-464b-adc8-17c1892fe888" />
  </Folder>
  <Folder Name="/src/UI/">
    <Project Path="HR.LeaveManagement.BlazorUI/HR.LeaveManagement.BlazorUI.csproj" Id="c3f4fbf9-ebd6-43bb-9b6a-d463ddff9af8" />
  </Folder>
  <Folder Name="/test/">
    <Project Path="HR.LeaveManagement.Application.UnitTests/HR.LeaveManagement.Application.UnitTests.csproj" Id="817aad9c-87e0-4127-a4c4-d856b8786c31" />
    <Project Path="HR.LeaveManagement.Persistence.IntegrationTests/HR.LeaveManagement.Persistence.IntegrationTests.csproj" Id="38bb19dc-1627-4413-9931-5a328bb6e770" />
  </Folder>
</Solution>
